
Microsoft Visual Studio Solution File, Format Version 12.00
# Visual Studio Version 16
VisualStudioVersion = 16.0.30717.126
MinimumVisualStudioVersion = 10.0.40219.1
Project("{FAE04EC0-301F-11D3-BF4B-00C04F79EFBC}") = "MvcProjectCamp", "MvcProjectCamp\MvcProjectCamp.csproj", "{B23D490B-1227-40A9-83EE-3C0F44F4F804}"
EndProject
Project("{FAE04EC0-301F-11D3-BF4B-00C04F79EFBC}") = "EntityLayer", "EntityLayer\EntityLayer.csproj", "{C517D286-3B25-40E9-918E-896D6F34C66B}"
EndProject
Project("{FAE04EC0-301F-11D3-BF4B-00C04F79EFBC}") = "DataAcessLayer", "DataAcessLayer\DataAcessLayer.csproj", "{274E05B2-8B6D-4AA3-8760-7A08FB8D2BDE}"
EndProject
Project("{FAE04EC0-301F-11D3-BF4B-00C04F79EFBC}") = "BusinessLayer", "BusinessLayer\BusinessLayer.csproj", "{F700A4EA-6E72-4A04-A7D8-286A76CA6DC7}"
EndProject
Global
	GlobalSection(SolutionConfigurationPlatforms) = preSolution
		Debug|Any CPU = Debug|Any CPU
		Release|Any CPU = Release|Any CPU
	EndGlobalSection
	GlobalSection(ProjectConfigurationPlatforms) = postSolution
		{B23D490B-1227-40A9-83EE-3C0F44F4F804}.Debug|Any CPU.ActiveCfg = Debug|Any CPU
		{B23D490B-1227-40A9-83EE-3C0F44F4F804}.Debug|Any CPU.Build.0 = Debug|Any CPU
		{B23D490B-1227-40A9-83EE-3C0F44F4F804}.Release|Any CPU.ActiveCfg = Release|Any CPU
		{B23D490B-1227-40A9-83EE-3C0F44F4F804}.Release|Any CPU.Build.0 = Release|Any CPU
		{C517D286-3B25-40E9-918E-896D6F34C66B}.Debug|Any CPU.ActiveCfg = Debug|Any CPU
		{C517D286-3B25-40E9-918E-896D6F34C66B}.Debug|Any CPU.Build.0 = Debug|Any CPU
		{C517D286-3B25-40E9-918E-896D6F34C66B}.Release|Any CPU.ActiveCfg = Release|Any CPU
		{C517D286-3B25-40E9-918E-896D6F34C66B}.Release|Any CPU.Build.0 = Release|Any CPU
		{274E05B2-8B6D-4AA3-8760-7A08FB8D2BDE}.Debug|Any CPU.ActiveCfg = Debug|Any CPU
		{274E05B2-8B6D-4AA3-8760-7A08FB8D2BDE}.Debug|Any CPU.Build.0 = Debug|Any CPU
		{274E05B2-8B6D-4AA3-8760-7A08FB8D2BDE}.Release|Any CPU.ActiveCfg = Release|Any CPU
		{274E05B2-8B6D-4AA3-8760-7A08FB8D2BDE}.Release|Any CPU.Build.0 = Release|Any CPU
		{F700A4EA-6E72-4A04-A7D8-286A76CA6DC7}.Debug|Any CPU.ActiveCfg = Debug|Any CPU
		{F700A4EA-6E72-4A04-A7D8-286A76CA6DC7}.Debug|Any CPU.Build.0 = Debug|Any CPU
		{F700A4EA-6E72-4A04-A7D8-286A76CA6DC7}.Release|Any CPU.ActiveCfg = Release|Any CPU
		{F700A4EA-6E72-4A04-A7D8-286A76CA6DC7}.Release|Any CPU.Build.0 = Release|Any CPU
	EndGlobalSection
	GlobalSection(SolutionProperties) = preSolution
		HideSolutionNode = FALSE
	EndGlobalSection
	GlobalSection(ExtensibilityGlobals) = postSolution
		SolutionGuid = {7D1AA72B-FAC6-42A9-86A9-9FF2BCB48C48}
	EndGlobalSection
EndGlobal
